
Microsoft Visual Studio Solution File, Format Version 12.00
# Visual Studio Version 16
VisualStudioVersion = 16.0.31829.152
MinimumVisualStudioVersion = 10.0.40219.1
Project("{FAE04EC0-301F-11D3-BF4B-00C04F79EFBC}") = "TesodevOrder.WebApiLayer", "TesodevOrder.WebApiLayer\TesodevOrder.WebApiLayer.csproj", "{EA1F73E0-965C-4CF2-B160-688557BF5B5B}"
EndProject
Project("{FAE04EC0-301F-11D3-BF4B-00C04F79EFBC}") = "TesodevOrder.EntityLayer", "TesodevOrder.EntityLayer\TesodevOrder.EntityLayer.csproj", "{A7B0613A-370D-4560-8045-7D23A9334E2E}"
EndProject
Project("{FAE04EC0-301F-11D3-BF4B-00C04F79EFBC}") = "TesodevOrder.DataAccessLayer", "TesodevOrder.DataAccessLayer\TesodevOrder.DataAccessLayer.csproj", "{45C602AC-E618-428D-8CFE-ACC18C173715}"
EndProject
Project("{FAE04EC0-301F-11D3-BF4B-00C04F79EFBC}") = "TesodevOrder.BusinessLogicLayer", "TesodevOrder.BusinessLogicLayer\TesodevOrder.BusinessLogicLayer.csproj", "{DF5F46EB-7CBF-43BB-A1A2-E5EDE5ADAD9B}"
EndProject
Project("{FAE04EC0-301F-11D3-BF4B-00C04F79EFBC}") = "TesodevOrder.InterfaceLayer", "TesodevOrder.InterfaceLayer\TesodevOrder.InterfaceLayer.csproj", "{8CE9D641-2FA4-4A9A-A814-8D175E4D1904}"
EndProject
Global
	GlobalSection(SolutionConfigurationPlatforms) = preSolution
		Debug|Any CPU = Debug|Any CPU
		Release|Any CPU = Release|Any CPU
	EndGlobalSection
	GlobalSection(ProjectConfigurationPlatforms) = postSolution
		{EA1F73E0-965C-4CF2-B160-688557BF5B5B}.Debug|Any CPU.ActiveCfg = Debug|Any CPU
		{EA1F73E0-965C-4CF2-B160-688557BF5B5B}.Debug|Any CPU.Build.0 = Debug|Any CPU
		{EA1F73E0-965C-4CF2-B160-688557BF5B5B}.Release|Any CPU.ActiveCfg = Release|Any CPU
		{EA1F73E0-965C-4CF2-B160-688557BF5B5B}.Release|Any CPU.Build.0 = Release|Any CPU
		{A7B0613A-370D-4560-8045-7D23A9334E2E}.Debug|Any CPU.ActiveCfg = Debug|Any CPU
		{A7B0613A-370D-4560-8045-7D23A9334E2E}.Debug|Any CPU.Build.0 = Debug|Any CPU
		{A7B0613A-370D-4560-8045-7D23A9334E2E}.Release|Any CPU.ActiveCfg = Release|Any CPU
		{A7B0613A-370D-4560-8045-7D23A9334E2E}.Release|Any CPU.Build.0 = Release|Any CPU
		{45C602AC-E618-428D-8CFE-ACC18C173715}.Debug|Any CPU.ActiveCfg = Debug|Any CPU
		{45C602AC-E618-428D-8CFE-ACC18C173715}.Debug|Any CPU.Build.0 = Debug|Any CPU
		{45C602AC-E618-428D-8CFE-ACC18C173715}.Release|Any CPU.ActiveCfg = Release|Any CPU
		{45C602AC-E618-428D-8CFE-ACC18C173715}.Release|Any CPU.Build.0 = Release|Any CPU
		{DF5F46EB-7CBF-43BB-A1A2-E5EDE5ADAD9B}.Debug|Any CPU.ActiveCfg = Debug|Any CPU
		{DF5F46EB-7CBF-43BB-A1A2-E5EDE5ADAD9B}.Debug|Any CPU.Build.0 = Debug|Any CPU
		{DF5F46EB-7CBF-43BB-A1A2-E5EDE5ADAD9B}.Release|Any CPU.ActiveCfg = Release|Any CPU
		{DF5F46EB-7CBF-43BB-A1A2-E5EDE5ADAD9B}.Release|Any CPU.Build.0 = Release|Any CPU
		{8CE9D641-2FA4-4A9A-A814-8D175E4D1904}.Debug|Any CPU.ActiveCfg = Debug|Any CPU
		{8CE9D641-2FA4-4A9A-A814-8D175E4D1904}.Debug|Any CPU.Build.0 = Debug|Any CPU
		{8CE9D641-2FA4-4A9A-A814-8D175E4D1904}.Release|Any CPU.ActiveCfg = Release|Any CPU
		{8CE9D641-2FA4-4A9A-A814-8D175E4D1904}.Release|Any CPU.Build.0 = Release|Any CPU
	EndGlobalSection
	GlobalSection(SolutionProperties) = preSolution
		HideSolutionNode = FALSE
	EndGlobalSection
	GlobalSection(ExtensibilityGlobals) = postSolution
		SolutionGuid = {3FEEE4DB-5088-46DD-93BC-3F69916F0AC8}
	EndGlobalSection
EndGlobal
